
Microsoft Visual Studio Solution File, Format Version 12.00
# Visual Studio Version 17
VisualStudioVersion = 17.5.2.0
MinimumVisualStudioVersion = 10.0.40219.1
Project("{2150E333-8FDC-42A3-9474-1A3956D46DE8}") = "Monolith", "Monolith", "{568E08D9-C627-9D87-BF1B-5CE72DAF60E7}"
EndProject
Project("{FAE04EC0-301F-11D3-BF4B-00C04F79EFBC}") = "Application", "Monolith\Application\Application.csproj", "{6E23D144-CA9E-49C7-F6EC-53A096A3A89C}"
EndProject
Project("{FAE04EC0-301F-11D3-BF4B-00C04F79EFBC}") = "Infrastructure", "Monolith\Infrastructure\Infrastructure.csproj", "{5EA9BAFD-8D7D-4C5C-E97C-656B8CABD7BD}"
EndProject
Project("{FAE04EC0-301F-11D3-BF4B-00C04F79EFBC}") = "Domain", "Monolith\Domain\Domain.csproj", "{DA9FF9B2-4787-DFCA-E6AF-BDB85D1DE976}"
EndProject
Project("{FAE04EC0-301F-11D3-BF4B-00C04F79EFBC}") = "Presentation", "Monolith\Presentation\Presentation.csproj", "{8CF290FE-7E51-D618-98D4-65DCC9D8CEE1}"
EndProject
Project("{2150E333-8FDC-42A3-9474-1A3956D46DE8}") = "BookingService", "BookingService", "{373E20A2-713F-382D-A1E8-5C956ABCE3C1}"
EndProject
Project("{2150E333-8FDC-42A3-9474-1A3956D46DE8}") = "Domain", "Domain", "{B9D8648B-848E-0286-B570-DBFC7B7C119C}"
EndProject
Project("{FAE04EC0-301F-11D3-BF4B-00C04F79EFBC}") = "BookingService.Domain", "BookingService\Domain\BookingService.Domain.csproj", "{40C33FA2-99C4-4AF1-9FF1-CB6BB4E5576B}"
EndProject
Project("{FAE04EC0-301F-11D3-BF4B-00C04F79EFBC}") = "BookingService.Application", "BookingService\Application\BookingService.Application.csproj", "{EE3B8D73-304B-46B2-8813-559D74D2D830}"
EndProject
Project("{FAE04EC0-301F-11D3-BF4B-00C04F79EFBC}") = "BookingService.Infrastructure", "BookingService\Infrastructure\BookingService.Infrastructure.csproj", "{24717CCC-D86B-404C-A6B9-98FC967D4F1C}"
EndProject
Project("{FAE04EC0-301F-11D3-BF4B-00C04F79EFBC}") = "BookingService.Api", "BookingService\Api\BookingService.Api.csproj", "{767BD418-EACD-448B-A3D8-757EDE9296A0}"
EndProject
Global
	GlobalSection(SolutionConfigurationPlatforms) = preSolution
		Debug|Any CPU = Debug|Any CPU
		Debug|x64 = Debug|x64
		Debug|x86 = Debug|x86
		Release|Any CPU = Release|Any CPU
		Release|x64 = Release|x64
		Release|x86 = Release|x86
	EndGlobalSection
	GlobalSection(ProjectConfigurationPlatforms) = postSolution
		{6E23D144-CA9E-49C7-F6EC-53A096A3A89C}.Debug|Any CPU.ActiveCfg = Debug|Any CPU
		{6E23D144-CA9E-49C7-F6EC-53A096A3A89C}.Debug|Any CPU.Build.0 = Debug|Any CPU
		{6E23D144-CA9E-49C7-F6EC-53A096A3A89C}.Debug|x64.ActiveCfg = Debug|Any CPU
		{6E23D144-CA9E-49C7-F6EC-53A096A3A89C}.Debug|x64.Build.0 = Debug|Any CPU
		{6E23D144-CA9E-49C7-F6EC-53A096A3A89C}.Debug|x86.ActiveCfg = Debug|Any CPU
		{6E23D144-CA9E-49C7-F6EC-53A096A3A89C}.Debug|x86.Build.0 = Debug|Any CPU
		{6E23D144-CA9E-49C7-F6EC-53A096A3A89C}.Release|Any CPU.ActiveCfg = Release|Any CPU
		{6E23D144-CA9E-49C7-F6EC-53A096A3A89C}.Release|Any CPU.Build.0 = Release|Any CPU
		{6E23D144-CA9E-49C7-F6EC-53A096A3A89C}.Release|x64.ActiveCfg = Release|Any CPU
		{6E23D144-CA9E-49C7-F6EC-53A096A3A89C}.Release|x64.Build.0 = Release|Any CPU
		{6E23D144-CA9E-49C7-F6EC-53A096A3A89C}.Release|x86.ActiveCfg = Release|Any CPU
		{6E23D144-CA9E-49C7-F6EC-53A096A3A89C}.Release|x86.Build.0 = Release|Any CPU
		{5EA9BAFD-8D7D-4C5C-E97C-656B8CABD7BD}.Debug|Any CPU.ActiveCfg = Debug|Any CPU
		{5EA9BAFD-8D7D-4C5C-E97C-656B8CABD7BD}.Debug|Any CPU.Build.0 = Debug|Any CPU
		{5EA9BAFD-8D7D-4C5C-E97C-656B8CABD7BD}.Debug|x64.ActiveCfg = Debug|Any CPU
		{5EA9BAFD-8D7D-4C5C-E97C-656B8CABD7BD}.Debug|x64.Build.0 = Debug|Any CPU
		{5EA9BAFD-8D7D-4C5C-E97C-656B8CABD7BD}.Debug|x86.ActiveCfg = Debug|Any CPU
		{5EA9BAFD-8D7D-4C5C-E97C-656B8CABD7BD}.Debug|x86.Build.0 = Debug|Any CPU
		{5EA9BAFD-8D7D-4C5C-E97C-656B8CABD7BD}.Release|Any CPU.ActiveCfg = Release|Any CPU
		{5EA9BAFD-8D7D-4C5C-E97C-656B8CABD7BD}.Release|Any CPU.Build.0 = Release|Any CPU
		{5EA9BAFD-8D7D-4C5C-E97C-656B8CABD7BD}.Release|x64.ActiveCfg = Release|Any CPU
		{5EA9BAFD-8D7D-4C5C-E97C-656B8CABD7BD}.Release|x64.Build.0 = Release|Any CPU
		{5EA9BAFD-8D7D-4C5C-E97C-656B8CABD7BD}.Release|x86.ActiveCfg = Release|Any CPU
		{5EA9BAFD-8D7D-4C5C-E97C-656B8CABD7BD}.Release|x86.Build.0 = Release|Any CPU
		{DA9FF9B2-4787-DFCA-E6AF-BDB85D1DE976}.Debug|Any CPU.ActiveCfg = Debug|Any CPU
		{DA9FF9B2-4787-DFCA-E6AF-BDB85D1DE976}.Debug|Any CPU.Build.0 = Debug|Any CPU
		{DA9FF9B2-4787-DFCA-E6AF-BDB85D1DE976}.Debug|x64.ActiveCfg = Debug|Any CPU
		{DA9FF9B2-4787-DFCA-E6AF-BDB85D1DE976}.Debug|x64.Build.0 = Debug|Any CPU
		{DA9FF9B2-4787-DFCA-E6AF-BDB85D1DE976}.Debug|x86.ActiveCfg = Debug|Any CPU
		{DA9FF9B2-4787-DFCA-E6AF-BDB85D1DE976}.Debug|x86.Build.0 = Debug|Any CPU
		{DA9FF9B2-4787-DFCA-E6AF-BDB85D1DE976}.Release|Any CPU.ActiveCfg = Release|Any CPU
		{DA9FF9B2-4787-DFCA-E6AF-BDB85D1DE976}.Release|Any CPU.Build.0 = Release|Any CPU
		{DA9FF9B2-4787-DFCA-E6AF-BDB85D1DE976}.Release|x64.ActiveCfg = Release|Any CPU
		{DA9FF9B2-4787-DFCA-E6AF-BDB85D1DE976}.Release|x64.Build.0 = Release|Any CPU
		{DA9FF9B2-4787-DFCA-E6AF-BDB85D1DE976}.Release|x86.ActiveCfg = Release|Any CPU
		{DA9FF9B2-4787-DFCA-E6AF-BDB85D1DE976}.Release|x86.Build.0 = Release|Any CPU
		{8CF290FE-7E51-D618-98D4-65DCC9D8CEE1}.Debug|Any CPU.ActiveCfg = Debug|Any CPU
		{8CF290FE-7E51-D618-98D4-65DCC9D8CEE1}.Debug|Any CPU.Build.0 = Debug|Any CPU
		{8CF290FE-7E51-D618-98D4-65DCC9D8CEE1}.Debug|x64.ActiveCfg = Debug|Any CPU
		{8CF290FE-7E51-D618-98D4-65DCC9D8CEE1}.Debug|x64.Build.0 = Debug|Any CPU
		{8CF290FE-7E51-D618-98D4-65DCC9D8CEE1}.Debug|x86.ActiveCfg = Debug|Any CPU
		{8CF290FE-7E51-D618-98D4-65DCC9D8CEE1}.Debug|x86.Build.0 = Debug|Any CPU
		{8CF290FE-7E51-D618-98D4-65DCC9D8CEE1}.Release|Any CPU.ActiveCfg = Release|Any CPU
		{8CF290FE-7E51-D618-98D4-65DCC9D8CEE1}.Release|Any CPU.Build.0 = Release|Any CPU
		{8CF290FE-7E51-D618-98D4-65DCC9D8CEE1}.Release|x64.ActiveCfg = Release|Any CPU
		{8CF290FE-7E51-D618-98D4-65DCC9D8CEE1}.Release|x64.Build.0 = Release|Any CPU
		{8CF290FE-7E51-D618-98D4-65DCC9D8CEE1}.Release|x86.ActiveCfg = Release|Any CPU
		{8CF290FE-7E51-D618-98D4-65DCC9D8CEE1}.Release|x86.Build.0 = Release|Any CPU
		{40C33FA2-99C4-4AF1-9FF1-CB6BB4E5576B}.Debug|Any CPU.ActiveCfg = Debug|Any CPU
		{40C33FA2-99C4-4AF1-9FF1-CB6BB4E5576B}.Debug|Any CPU.Build.0 = Debug|Any CPU
		{40C33FA2-99C4-4AF1-9FF1-CB6BB4E5576B}.Debug|x64.ActiveCfg = Debug|Any CPU
		{40C33FA2-99C4-4AF1-9FF1-CB6BB4E5576B}.Debug|x64.Build.0 = Debug|Any CPU
		{40C33FA2-99C4-4AF1-9FF1-CB6BB4E5576B}.Debug|x86.ActiveCfg = Debug|Any CPU
		{40C33FA2-99C4-4AF1-9FF1-CB6BB4E5576B}.Debug|x86.Build.0 = Debug|Any CPU
		{40C33FA2-99C4-4AF1-9FF1-CB6BB4E5576B}.Release|Any CPU.ActiveCfg = Release|Any CPU
		{40C33FA2-99C4-4AF1-9FF1-CB6BB4E5576B}.Release|Any CPU.Build.0 = Release|Any CPU
		{40C33FA2-99C4-4AF1-9FF1-CB6BB4E5576B}.Release|x64.ActiveCfg = Release|Any CPU
		{40C33FA2-99C4-4AF1-9FF1-CB6BB4E5576B}.Release|x64.Build.0 = Release|Any CPU
		{40C33FA2-99C4-4AF1-9FF1-CB6BB4E5576B}.Release|x86.ActiveCfg = Release|Any CPU
		{40C33FA2-99C4-4AF1-9FF1-CB6BB4E5576B}.Release|x86.Build.0 = Release|Any CPU
		{EE3B8D73-304B-46B2-8813-559D74D2D830}.Debug|Any CPU.ActiveCfg = Debug|Any CPU
		{EE3B8D73-304B-46B2-8813-559D74D2D830}.Debug|Any CPU.Build.0 = Debug|Any CPU
		{EE3B8D73-304B-46B2-8813-559D74D2D830}.Debug|x64.ActiveCfg = Debug|Any CPU
		{EE3B8D73-304B-46B2-8813-559D74D2D830}.Debug|x64.Build.0 = Debug|Any CPU
		{EE3B8D73-304B-46B2-8813-559D74D2D830}.Debug|x86.ActiveCfg = Debug|Any CPU
		{EE3B8D73-304B-46B2-8813-559D74D2D830}.Debug|x86.Build.0 = Debug|Any CPU
		{EE3B8D73-304B-46B2-8813-559D74D2D830}.Release|Any CPU.ActiveCfg = Release|Any CPU
		{EE3B8D73-304B-46B2-8813-559D74D2D830}.Release|Any CPU.Build.0 = Release|Any CPU
		{EE3B8D73-304B-46B2-8813-559D74D2D830}.Release|x64.ActiveCfg = Release|Any CPU
		{EE3B8D73-304B-46B2-8813-559D74D2D830}.Release|x64.Build.0 = Release|Any CPU
		{EE3B8D73-304B-46B2-8813-559D74D2D830}.Release|x86.ActiveCfg = Release|Any CPU
		{EE3B8D73-304B-46B2-8813-559D74D2D830}.Release|x86.Build.0 = Release|Any CPU
		{24717CCC-D86B-404C-A6B9-98FC967D4F1C}.Debug|Any CPU.ActiveCfg = Debug|Any CPU
		{24717CCC-D86B-404C-A6B9-98FC967D4F1C}.Debug|Any CPU.Build.0 = Debug|Any CPU
		{24717CCC-D86B-404C-A6B9-98FC967D4F1C}.Debug|x64.ActiveCfg = Debug|Any CPU
		{24717CCC-D86B-404C-A6B9-98FC967D4F1C}.Debug|x64.Build.0 = Debug|Any CPU
		{24717CCC-D86B-404C-A6B9-98FC967D4F1C}.Debug|x86.ActiveCfg = Debug|Any CPU
		{24717CCC-D86B-404C-A6B9-98FC967D4F1C}.Debug|x86.Build.0 = Debug|Any CPU
		{24717CCC-D86B-404C-A6B9-98FC967D4F1C}.Release|Any CPU.ActiveCfg = Release|Any CPU
		{24717CCC-D86B-404C-A6B9-98FC967D4F1C}.Release|Any CPU.Build.0 = Release|Any CPU
		{24717CCC-D86B-404C-A6B9-98FC967D4F1C}.Release|x64.ActiveCfg = Release|Any CPU
		{24717CCC-D86B-404C-A6B9-98FC967D4F1C}.Release|x64.Build.0 = Release|Any CPU
		{24717CCC-D86B-404C-A6B9-98FC967D4F1C}.Release|x86.ActiveCfg = Release|Any CPU
		{24717CCC-D86B-404C-A6B9-98FC967D4F1C}.Release|x86.Build.0 = Release|Any CPU
		{767BD418-EACD-448B-A3D8-757EDE9296A0}.Debug|Any CPU.ActiveCfg = Debug|Any CPU
		{767BD418-EACD-448B-A3D8-757EDE9296A0}.Debug|Any CPU.Build.0 = Debug|Any CPU
		{767BD418-EACD-448B-A3D8-757EDE9296A0}.Debug|x64.ActiveCfg = Debug|Any CPU
		{767BD418-EACD-448B-A3D8-757EDE9296A0}.Debug|x64.Build.0 = Debug|Any CPU
		{767BD418-EACD-448B-A3D8-757EDE9296A0}.Debug|x86.ActiveCfg = Debug|Any CPU
		{767BD418-EACD-448B-A3D8-757EDE9296A0}.Debug|x86.Build.0 = Debug|Any CPU
		{767BD418-EACD-448B-A3D8-757EDE9296A0}.Release|Any CPU.ActiveCfg = Release|Any CPU
		{767BD418-EACD-448B-A3D8-757EDE9296A0}.Release|Any CPU.Build.0 = Release|Any CPU
		{767BD418-EACD-448B-A3D8-757EDE9296A0}.Release|x64.ActiveCfg = Release|Any CPU
		{767BD418-EACD-448B-A3D8-757EDE9296A0}.Release|x64.Build.0 = Release|Any CPU
		{767BD418-EACD-448B-A3D8-757EDE9296A0}.Release|x86.ActiveCfg = Release|Any CPU
		{767BD418-EACD-448B-A3D8-757EDE9296A0}.Release|x86.Build.0 = Release|Any CPU
	EndGlobalSection
	GlobalSection(SolutionProperties) = preSolution
		HideSolutionNode = FALSE
	EndGlobalSection
	GlobalSection(NestedProjects) = preSolution
		{6E23D144-CA9E-49C7-F6EC-53A096A3A89C} = {568E08D9-C627-9D87-BF1B-5CE72DAF60E7}
		{5EA9BAFD-8D7D-4C5C-E97C-656B8CABD7BD} = {568E08D9-C627-9D87-BF1B-5CE72DAF60E7}
		{DA9FF9B2-4787-DFCA-E6AF-BDB85D1DE976} = {568E08D9-C627-9D87-BF1B-5CE72DAF60E7}
		{8CF290FE-7E51-D618-98D4-65DCC9D8CEE1} = {568E08D9-C627-9D87-BF1B-5CE72DAF60E7}
		{B9D8648B-848E-0286-B570-DBFC7B7C119C} = {373E20A2-713F-382D-A1E8-5C956ABCE3C1}
		{40C33FA2-99C4-4AF1-9FF1-CB6BB4E5576B} = {B9D8648B-848E-0286-B570-DBFC7B7C119C}
		{EE3B8D73-304B-46B2-8813-559D74D2D830} = {B9D8648B-848E-0286-B570-DBFC7B7C119C}
		{24717CCC-D86B-404C-A6B9-98FC967D4F1C} = {B9D8648B-848E-0286-B570-DBFC7B7C119C}
		{767BD418-EACD-448B-A3D8-757EDE9296A0} = {B9D8648B-848E-0286-B570-DBFC7B7C119C}
	EndGlobalSection
	GlobalSection(ExtensibilityGlobals) = postSolution
		SolutionGuid = {E510243D-52FE-4BF4-A16A-1183B87F93AF}
	EndGlobalSection
EndGlobal
